PODS:
  - Alamofire (3.4.1)
  - AlamofireRSSParser (1.0.2-tv):
    - Alamofire
  - AsyncNetwork (1.2.0):
    - CocoaAsyncSocket
  - CocoaAsyncSocket (7.4.3):
    - CocoaAsyncSocket/All (= 7.4.3)
  - CocoaAsyncSocket/All (7.4.3):
    - CocoaAsyncSocket/GCD
    - CocoaAsyncSocket/RunLoop
  - CocoaAsyncSocket/GCD (7.4.3)
  - CocoaAsyncSocket/RunLoop (7.4.3)
  - Freddy (2.1.0)
  - Ji (1.2.0):
    - Ji/Ji (= 1.2.0)
  - Ji/Ji (1.2.0):
    - Ji/Ji-libxml
  - Ji/Ji-libxml (1.2.0)

DEPENDENCIES:
  - Alamofire (from `https://github.com/Alamofire/Alamofire.git`, branch `swift3`)
  - AlamofireRSSParser (from `./AlamofireRSSParser.podspec`)
  - AsyncNetwork (from `https://github.com/jhaybie/async-network.git`)
  - Freddy (from `https://github.com/bignerdranch/Freddy.git`, branch `swift3`)
  - Ji

EXTERNAL SOURCES:
  Alamofire:
    :branch: swift3
    :git: https://github.com/Alamofire/Alamofire.git
  AlamofireRSSParser:
    :podspec: ./AlamofireRSSParser.podspec
  AsyncNetwork:
    :git: https://github.com/jhaybie/async-network.git
  Freddy:
    :branch: swift3
    :git: https://github.com/bignerdranch/Freddy.git

CHECKOUT OPTIONS:
  Alamofire:
    :commit: e891699312a5215ad0da9f8322c5da949f90db35
    :git: https://github.com/Alamofire/Alamofire.git
  AsyncNetwork:
    :commit: 853f9714761ccd011feb909e47b8edf90e033af3
    :git: https://github.com/jhaybie/async-network.git
  Freddy:
    :commit: 38ccde934d51ec4f08812ae281f1d766c45e5236
    :git: https://github.com/bignerdranch/Freddy.git

SPEC CHECKSUMS:
  Alamofire: 01a82e2f6c0f860ade35534c8dd88be61bdef40c
  AlamofireRSSParser: ab788e7723984d026552ade9ba3c33a69b633713
  AsyncNetwork: e743604f4da56f5f2f21e4a945800c0e1c0e7f24
  CocoaAsyncSocket: a18c75dca4b08723628a0bacca6e94803d90be91
  Freddy: bbdca013977db29638b24baf6572ce94452bec29
  Ji: ddebb22f9ac445db6e884b66f78ea74fb135fdb7

PODFILE CHECKSUM: ba11de00d1bd16b9534b0427ac11bbbb15e03cb8

COCOAPODS: 1.0.1
