PODS:
  - Alamofire (4.0.0-beta.2)
  - AlamofireRSSParser (1.0.2-tv):
    - Alamofire
  - Freddy (2.1.0)
  - Ji (1.2.0):
    - Ji/Ji (= 1.2.0)
  - Ji/Ji (1.2.0):
    - Ji/Ji-libxml
  - Ji/Ji-libxml (1.2.0)

DEPENDENCIES:
  - Alamofire (from `https://github.com/Alamofire/Alamofire.git`, branch `swift3`)
  - AlamofireRSSParser (from `./AlamofireRSSParser.podspec`)
  - Freddy (from `https://github.com/bignerdranch/Freddy.git`, branch `swift3`)
  - Ji

EXTERNAL SOURCES:
  Alamofire:
    :branch: swift3
    :git: https://github.com/Alamofire/Alamofire.git
  AlamofireRSSParser:
    :podspec: ./AlamofireRSSParser.podspec
  Freddy:
    :branch: swift3
    :git: https://github.com/bignerdranch/Freddy.git

CHECKOUT OPTIONS:
  Alamofire:
    :commit: 680690beaa7abf9578487688de4d24d038f679b5
    :git: https://github.com/Alamofire/Alamofire.git
  Freddy:
    :commit: 2952d306cbab3f5be9e64065527d9e15b68ee7dc
    :git: https://github.com/bignerdranch/Freddy.git

SPEC CHECKSUMS:
  Alamofire: 7f837be535fe424db2b87d9117f13836939719ca
  AlamofireRSSParser: ab788e7723984d026552ade9ba3c33a69b633713
  Freddy: bbdca013977db29638b24baf6572ce94452bec29
  Ji: ddebb22f9ac445db6e884b66f78ea74fb135fdb7

PODFILE CHECKSUM: 41cba4b5c73b8709da2d0304e0a0322202f91d8b

COCOAPODS: 1.1.0.rc.2
